
Microsoft Visual Studio Solution File, Format Version 12.00
# Visual Studio Version 17
VisualStudioVersion = 17.7.34018.315
MinimumVisualStudioVersion = 10.0.40219.1
Project("{FAE04EC0-301F-11D3-BF4B-00C04F79EFBC}") = "Assignment", "Assignment.csproj", "{89A86556-567F-4CBE-AF32-0497039FC7DF}"
EndProject
Global
	GlobalSection(SolutionConfigurationPlatforms) = preSolution
		Debug|Any CPU = Debug|Any CPU
		Release|Any CPU = Release|Any CPU
	EndGlobalSection
	GlobalSection(ProjectConfigurationPlatforms) = postSolution
		{89A86556-567F-4CBE-AF32-0497039FC7DF}.Debug|Any CPU.ActiveCfg = Debug|Any CPU
		{89A86556-567F-4CBE-AF32-0497039FC7DF}.Debug|Any CPU.Build.0 = Debug|Any CPU
		{89A86556-567F-4CBE-AF32-0497039FC7DF}.Release|Any CPU.ActiveCfg = Release|Any CPU
		{89A86556-567F-4CBE-AF32-0497039FC7DF}.Release|Any CPU.Build.0 = Release|Any CPU
	EndGlobalSection
	GlobalSection(SolutionProperties) = preSolution
		HideSolutionNode = FALSE
	EndGlobalSection
	GlobalSection(ExtensibilityGlobals) = postSolution
		SolutionGuid = {787321B6-8B29-4AAE-B9F7-8217DC046A91}
	EndGlobalSection
EndGlobal
